
Microsoft Visual Studio Solution File, Format Version 12.00
# Visual Studio 2015
Project("{FAE04EC0-301F-11D3-BF4B-00C04F79EFBC}") = "NotPacMan.CSharp.Plugins", "NotPacMan.CSharp.Plugins.csproj", "{64240A93-122C-0FB8-0CA9-497612DD242E}"
EndProject
Project("{FAE04EC0-301F-11D3-BF4B-00C04F79EFBC}") = "NotPacMan.CSharp", "NotPacMan.CSharp.csproj", "{2B1371C6-E14A-E905-40EF-E8B9346C5CB1}"
EndProject
Project("{FAE04EC0-301F-11D3-BF4B-00C04F79EFBC}") = "NotPacMan.CSharp.Editor", "NotPacMan.CSharp.Editor.csproj", "{97EFBF1A-860B-98C4-C5CF-1E9E4F9D746D}"
EndProject
Global
	GlobalSection(SolutionConfigurationPlatforms) = preSolution
		Debug|Any CPU = Debug|Any CPU
		Release|Any CPU = Release|Any CPU
	EndGlobalSection
	GlobalSection(ProjectConfigurationPlatforms) = postSolution
		{64240A93-122C-0FB8-0CA9-497612DD242E}.Debug|Any CPU.ActiveCfg = Debug|Any CPU
		{64240A93-122C-0FB8-0CA9-497612DD242E}.Debug|Any CPU.Build.0 = Debug|Any CPU
		{64240A93-122C-0FB8-0CA9-497612DD242E}.Release|Any CPU.ActiveCfg = Release|Any CPU
		{64240A93-122C-0FB8-0CA9-497612DD242E}.Release|Any CPU.Build.0 = Release|Any CPU
		{2B1371C6-E14A-E905-40EF-E8B9346C5CB1}.Debug|Any CPU.ActiveCfg = Debug|Any CPU
		{2B1371C6-E14A-E905-40EF-E8B9346C5CB1}.Debug|Any CPU.Build.0 = Debug|Any CPU
		{2B1371C6-E14A-E905-40EF-E8B9346C5CB1}.Release|Any CPU.ActiveCfg = Release|Any CPU
		{2B1371C6-E14A-E905-40EF-E8B9346C5CB1}.Release|Any CPU.Build.0 = Release|Any CPU
		{97EFBF1A-860B-98C4-C5CF-1E9E4F9D746D}.Debug|Any CPU.ActiveCfg = Debug|Any CPU
		{97EFBF1A-860B-98C4-C5CF-1E9E4F9D746D}.Debug|Any CPU.Build.0 = Debug|Any CPU
		{97EFBF1A-860B-98C4-C5CF-1E9E4F9D746D}.Release|Any CPU.ActiveCfg = Release|Any CPU
		{97EFBF1A-860B-98C4-C5CF-1E9E4F9D746D}.Release|Any CPU.Build.0 = Release|Any CPU
	EndGlobalSection
	GlobalSection(SolutionProperties) = preSolution
		HideSolutionNode = FALSE
	EndGlobalSection
EndGlobal
